
Microsoft Visual Studio Solution File, Format Version 12.00
# Visual Studio Version 16
VisualStudioVersion = 16.0.30523.141
MinimumVisualStudioVersion = 10.0.40219.1
Project("{FAE04EC0-301F-11D3-BF4B-00C04F79EFBC}") = "ConsoleApp2", "ConsoleApp2\ConsoleApp2.csproj", "{4A6DC8BA-06B8-426F-BB91-08C5AD854569}"
EndProject
Global
	GlobalSection(SolutionConfigurationPlatforms) = preSolution
		Debug|Any CPU = Debug|Any CPU
		Release|Any CPU = Release|Any CPU
	EndGlobalSection
	GlobalSection(ProjectConfigurationPlatforms) = postSolution
		{4A6DC8BA-06B8-426F-BB91-08C5AD854569}.Debug|Any CPU.ActiveCfg = Debug|Any CPU
		{4A6DC8BA-06B8-426F-BB91-08C5AD854569}.Debug|Any CPU.Build.0 = Debug|Any CPU
		{4A6DC8BA-06B8-426F-BB91-08C5AD854569}.Release|Any CPU.ActiveCfg = Release|Any CPU
		{4A6DC8BA-06B8-426F-BB91-08C5AD854569}.Release|Any CPU.Build.0 = Release|Any CPU
	EndGlobalSection
	GlobalSection(SolutionProperties) = preSolution
		HideSolutionNode = FALSE
	EndGlobalSection
	GlobalSection(ExtensibilityGlobals) = postSolution
		SolutionGuid = {C5CAC025-FF20-46FD-AF98-4581BB17A7C0}
	EndGlobalSection
EndGlobal
